
Microsoft Visual Studio Solution File, Format Version 12.00
# Visual Studio Version 16
VisualStudioVersion = 16.0.30523.141
MinimumVisualStudioVersion = 10.0.40219.1
Project("{FAE04EC0-301F-11D3-BF4B-00C04F79EFBC}") = "ProjektWPF", "ProjektWPF\ProjektWPF.csproj", "{4D31B007-AAA6-4A25-AC63-ABB2EB14455F}"
EndProject
Project("{FAE04EC0-301F-11D3-BF4B-00C04F79EFBC}") = "Biiblioteka", "Biiblioteka\Biiblioteka.csproj", "{AC1266BB-20D1-447D-8549-AA1A4131B5E8}"
EndProject
Global
	GlobalSection(SolutionConfigurationPlatforms) = preSolution
		Debug|Any CPU = Debug|Any CPU
		Release|Any CPU = Release|Any CPU
	EndGlobalSection
	GlobalSection(ProjectConfigurationPlatforms) = postSolution
		{4D31B007-AAA6-4A25-AC63-ABB2EB14455F}.Debug|Any CPU.ActiveCfg = Debug|Any CPU
		{4D31B007-AAA6-4A25-AC63-ABB2EB14455F}.Debug|Any CPU.Build.0 = Debug|Any CPU
		{4D31B007-AAA6-4A25-AC63-ABB2EB14455F}.Release|Any CPU.ActiveCfg = Release|Any CPU
		{4D31B007-AAA6-4A25-AC63-ABB2EB14455F}.Release|Any CPU.Build.0 = Release|Any CPU
		{AC1266BB-20D1-447D-8549-AA1A4131B5E8}.Debug|Any CPU.ActiveCfg = Debug|Any CPU
		{AC1266BB-20D1-447D-8549-AA1A4131B5E8}.Debug|Any CPU.Build.0 = Debug|Any CPU
		{AC1266BB-20D1-447D-8549-AA1A4131B5E8}.Release|Any CPU.ActiveCfg = Release|Any CPU
		{AC1266BB-20D1-447D-8549-AA1A4131B5E8}.Release|Any CPU.Build.0 = Release|Any CPU
	EndGlobalSection
	GlobalSection(SolutionProperties) = preSolution
		HideSolutionNode = FALSE
	EndGlobalSection
	GlobalSection(ExtensibilityGlobals) = postSolution
		SolutionGuid = {1CA96C89-86D4-4756-9646-65AF36418A7C}
	EndGlobalSection
EndGlobal
